
Microsoft Visual Studio Solution File, Format Version 12.00
# Visual Studio Version 16
VisualStudioVersion = 16.0.29728.190
MinimumVisualStudioVersion = 10.0.40219.1
Project("{9A19103F-16F7-4668-BE54-9A1E7A4F7556}") = "ThreeS.Routine", "ThreeS.Routine\ThreeS.Routine.csproj", "{7088E7C0-CD83-4575-AED9-5ADB1237C4EA}"
EndProject
Project("{FAE04EC0-301F-11D3-BF4B-00C04F79EFBC}") = "ThreeS.Jobs", "ThreeS.Jobs\ThreeS.Jobs.csproj", "{F44D4968-ACA3-4BBB-A842-E69129BB1D89}"
EndProject
Global
	GlobalSection(SolutionConfigurationPlatforms) = preSolution
		Debug|Any CPU = Debug|Any CPU
		Release|Any CPU = Release|Any CPU
	EndGlobalSection
	GlobalSection(ProjectConfigurationPlatforms) = postSolution
		{7088E7C0-CD83-4575-AED9-5ADB1237C4EA}.Debug|Any CPU.ActiveCfg = Debug|Any CPU
		{7088E7C0-CD83-4575-AED9-5ADB1237C4EA}.Debug|Any CPU.Build.0 = Debug|Any CPU
		{7088E7C0-CD83-4575-AED9-5ADB1237C4EA}.Release|Any CPU.ActiveCfg = Release|Any CPU
		{7088E7C0-CD83-4575-AED9-5ADB1237C4EA}.Release|Any CPU.Build.0 = Release|Any CPU
		{F44D4968-ACA3-4BBB-A842-E69129BB1D89}.Debug|Any CPU.ActiveCfg = Debug|Any CPU
		{F44D4968-ACA3-4BBB-A842-E69129BB1D89}.Debug|Any CPU.Build.0 = Debug|Any CPU
		{F44D4968-ACA3-4BBB-A842-E69129BB1D89}.Release|Any CPU.ActiveCfg = Release|Any CPU
		{F44D4968-ACA3-4BBB-A842-E69129BB1D89}.Release|Any CPU.Build.0 = Release|Any CPU
	EndGlobalSection
	GlobalSection(SolutionProperties) = preSolution
		HideSolutionNode = FALSE
	EndGlobalSection
	GlobalSection(ExtensibilityGlobals) = postSolution
		SolutionGuid = {22EE1283-D6BE-4A17-9E20-6A2F574C8C6F}
	EndGlobalSection
EndGlobal
